
Microsoft Visual Studio Solution File, Format Version 12.00
# Visual Studio Version 17
VisualStudioVersion = 17.0.31903.59
MinimumVisualStudioVersion = 10.0.40219.1
Project("{FAE04EC0-301F-11D3-BF4B-00C04F79EFBC}") = "ParkingApp.Core", "ParkingApp.Core\ParkingApp.Core.csproj", "{5FE2C65C-79A3-47BD-A7C9-2831C42C234D}"
EndProject
Project("{FAE04EC0-301F-11D3-BF4B-00C04F79EFBC}") = "ParkingApp.Infrastructure", "ParkingApp.Infrastructure\ParkingApp.Infrastructure.csproj", "{C9B1078D-32B9-4016-9B61-3355317B5A91}"
EndProject
Project("{FAE04EC0-301F-11D3-BF4B-00C04F79EFBC}") = "ParkingApp.WebApi", "ParkingApp.WebApi\ParkingApp.WebApi.csproj", "{9A6442FB-E09F-457A-9B77-10EF22EABEF9}"
EndProject
Project("{FAE04EC0-301F-11D3-BF4B-00C04F79EFBC}") = "ParkingApp.UnitTests", "ParkingApp.UnitTests\ParkingApp.UnitTests.csproj", "{479E0F78-FCCF-4762-A032-AFC5A11345CA}"
	ProjectSection(ProjectDependencies) = postProject
		{C9B1078D-32B9-4016-9B61-3355317B5A91} = {C9B1078D-32B9-4016-9B61-3355317B5A91}
	EndProjectSection
EndProject
Global
	GlobalSection(SolutionConfigurationPlatforms) = preSolution
		Debug|Any CPU = Debug|Any CPU
		Debug|x64 = Debug|x64
		Debug|x86 = Debug|x86
		Release|Any CPU = Release|Any CPU
		Release|x64 = Release|x64
		Release|x86 = Release|x86
	EndGlobalSection
	GlobalSection(ProjectConfigurationPlatforms) = postSolution
		{5FE2C65C-79A3-47BD-A7C9-2831C42C234D}.Debug|Any CPU.ActiveCfg = Debug|Any CPU
		{5FE2C65C-79A3-47BD-A7C9-2831C42C234D}.Debug|Any CPU.Build.0 = Debug|Any CPU
		{5FE2C65C-79A3-47BD-A7C9-2831C42C234D}.Debug|x64.ActiveCfg = Debug|Any CPU
		{5FE2C65C-79A3-47BD-A7C9-2831C42C234D}.Debug|x64.Build.0 = Debug|Any CPU
		{5FE2C65C-79A3-47BD-A7C9-2831C42C234D}.Debug|x86.ActiveCfg = Debug|Any CPU
		{5FE2C65C-79A3-47BD-A7C9-2831C42C234D}.Debug|x86.Build.0 = Debug|Any CPU
		{5FE2C65C-79A3-47BD-A7C9-2831C42C234D}.Release|Any CPU.ActiveCfg = Release|Any CPU
		{5FE2C65C-79A3-47BD-A7C9-2831C42C234D}.Release|Any CPU.Build.0 = Release|Any CPU
		{5FE2C65C-79A3-47BD-A7C9-2831C42C234D}.Release|x64.ActiveCfg = Release|Any CPU
		{5FE2C65C-79A3-47BD-A7C9-2831C42C234D}.Release|x64.Build.0 = Release|Any CPU
		{5FE2C65C-79A3-47BD-A7C9-2831C42C234D}.Release|x86.ActiveCfg = Release|Any CPU
		{5FE2C65C-79A3-47BD-A7C9-2831C42C234D}.Release|x86.Build.0 = Release|Any CPU
		{C9B1078D-32B9-4016-9B61-3355317B5A91}.Debug|Any CPU.ActiveCfg = Debug|Any CPU
		{C9B1078D-32B9-4016-9B61-3355317B5A91}.Debug|Any CPU.Build.0 = Debug|Any CPU
		{C9B1078D-32B9-4016-9B61-3355317B5A91}.Debug|x64.ActiveCfg = Debug|Any CPU
		{C9B1078D-32B9-4016-9B61-3355317B5A91}.Debug|x64.Build.0 = Debug|Any CPU
		{C9B1078D-32B9-4016-9B61-3355317B5A91}.Debug|x86.ActiveCfg = Debug|Any CPU
		{C9B1078D-32B9-4016-9B61-3355317B5A91}.Debug|x86.Build.0 = Debug|Any CPU
		{C9B1078D-32B9-4016-9B61-3355317B5A91}.Release|Any CPU.ActiveCfg = Release|Any CPU
		{C9B1078D-32B9-4016-9B61-3355317B5A91}.Release|Any CPU.Build.0 = Release|Any CPU
		{C9B1078D-32B9-4016-9B61-3355317B5A91}.Release|x64.ActiveCfg = Release|Any CPU
		{C9B1078D-32B9-4016-9B61-3355317B5A91}.Release|x64.Build.0 = Release|Any CPU
		{C9B1078D-32B9-4016-9B61-3355317B5A91}.Release|x86.ActiveCfg = Release|Any CPU
		{C9B1078D-32B9-4016-9B61-3355317B5A91}.Release|x86.Build.0 = Release|Any CPU
		{9A6442FB-E09F-457A-9B77-10EF22EABEF9}.Debug|Any CPU.ActiveCfg = Debug|Any CPU
		{9A6442FB-E09F-457A-9B77-10EF22EABEF9}.Debug|Any CPU.Build.0 = Debug|Any CPU
		{9A6442FB-E09F-457A-9B77-10EF22EABEF9}.Debug|x64.ActiveCfg = Debug|Any CPU
		{9A6442FB-E09F-457A-9B77-10EF22EABEF9}.Debug|x64.Build.0 = Debug|Any CPU
		{9A6442FB-E09F-457A-9B77-10EF22EABEF9}.Debug|x86.ActiveCfg = Debug|Any CPU
		{9A6442FB-E09F-457A-9B77-10EF22EABEF9}.Debug|x86.Build.0 = Debug|Any CPU
		{9A6442FB-E09F-457A-9B77-10EF22EABEF9}.Release|Any CPU.ActiveCfg = Release|Any CPU
		{9A6442FB-E09F-457A-9B77-10EF22EABEF9}.Release|Any CPU.Build.0 = Release|Any CPU
		{9A6442FB-E09F-457A-9B77-10EF22EABEF9}.Release|x64.ActiveCfg = Release|Any CPU
		{9A6442FB-E09F-457A-9B77-10EF22EABEF9}.Release|x64.Build.0 = Release|Any CPU
		{9A6442FB-E09F-457A-9B77-10EF22EABEF9}.Release|x86.ActiveCfg = Release|Any CPU
		{9A6442FB-E09F-457A-9B77-10EF22EABEF9}.Release|x86.Build.0 = Release|Any CPU
		{479E0F78-FCCF-4762-A032-AFC5A11345CA}.Debug|Any CPU.ActiveCfg = Debug|Any CPU
		{479E0F78-FCCF-4762-A032-AFC5A11345CA}.Debug|Any CPU.Build.0 = Debug|Any CPU
		{479E0F78-FCCF-4762-A032-AFC5A11345CA}.Debug|x64.ActiveCfg = Debug|Any CPU
		{479E0F78-FCCF-4762-A032-AFC5A11345CA}.Debug|x64.Build.0 = Debug|Any CPU
		{479E0F78-FCCF-4762-A032-AFC5A11345CA}.Debug|x86.ActiveCfg = Debug|Any CPU
		{479E0F78-FCCF-4762-A032-AFC5A11345CA}.Debug|x86.Build.0 = Debug|Any CPU
		{479E0F78-FCCF-4762-A032-AFC5A11345CA}.Release|Any CPU.ActiveCfg = Release|Any CPU
		{479E0F78-FCCF-4762-A032-AFC5A11345CA}.Release|Any CPU.Build.0 = Release|Any CPU
		{479E0F78-FCCF-4762-A032-AFC5A11345CA}.Release|x64.ActiveCfg = Release|Any CPU
		{479E0F78-FCCF-4762-A032-AFC5A11345CA}.Release|x64.Build.0 = Release|Any CPU
		{479E0F78-FCCF-4762-A032-AFC5A11345CA}.Release|x86.ActiveCfg = Release|Any CPU
		{479E0F78-FCCF-4762-A032-AFC5A11345CA}.Release|x86.Build.0 = Release|Any CPU
	EndGlobalSection
	GlobalSection(SolutionProperties) = preSolution
		HideSolutionNode = FALSE
	EndGlobalSection
	GlobalSection(ExtensibilityGlobals) = postSolution
		SolutionGuid = {B4B5D38C-C084-42BC-A8FF-3C2C7CE3F04C}
	EndGlobalSection
EndGlobal
